// !$*UTF8*$!
{
	archiveVersion = 1;
	classes = {
	};
	objectVersion = 50;
	objects = {

/* Begin PBXBuildFile section */
		671EC3C5271D95F3008BCEEA /* AppDelegate.swift in Sources */ = {isa = PBXBuildFile; fileRef = 671EC3C4271D95F3008BCEEA /* AppDelegate.swift */; };
		671EC3C7271D95F3008BCEEA /* SceneDelegate.swift in Sources */ = {isa = PBXBuildFile; fileRef = 671EC3C6271D95F3008BCEEA /* SceneDelegate.swift */; };
		671EC3C9271D95F3008BCEEA /* ViewController.swift in Sources */ = {isa = PBXBuildFile; fileRef = 671EC3C8271D95F3008BCEEA /* ViewController.swift */; };
		671EC3CC271D95F3008BCEEA /* Main.storyboard in Resources */ = {isa = PBXBuildFile; fileRef = 671EC3CA271D95F3008BCEEA /* Main.storyboard */; };
		671EC3CE271D95F5008BCEEA /* Assets.xcassets in Resources */ = {isa = PBXBuildFile; fileRef = 671EC3CD271D95F5008BCEEA /* Assets.xcassets */; };
		671EC3D1271D95F5008BCEEA /* LaunchScreen.storyboard in Resources */ = {isa = PBXBuildFile; fileRef = 671EC3CF271D95F5008BCEEA /* LaunchScreen.storyboard */; };
		671EC3DC271D95F5008BCEEA /* exercioebacTests.swift in Sources */ = {isa = PBXBuildFile; fileRef = 671EC3DB271D95F5008BCEEA /* exercioebacTests.swift */; };
		671EC3E7271D95F5008BCEEA /* exercioebacUITests.swift in Sources */ = {isa = PBXBuildFile; fileRef = 671EC3E6271D95F5008BCEEA /* exercioebacUITests.swift */; };
/* End PBXBuildFile section */

/* Begin PBXContainerItemProxy section */
		671EC3D8271D95F5008BCEEA /* PBXContainerItemProxy */ = {
			isa = PBXContainerItemProxy;
			containerPortal = 671EC3B9271D95F3008BCEEA /* Project object */;
			proxyType = 1;
			remoteGlobalIDString = 671EC3C0271D95F3008BCEEA;
			remoteInfo = exercioebac;
		};
		671EC3E3271D95F5008BCEEA /* PBXContainerItemProxy */ = {
			isa = PBXContainerItemProxy;
			containerPortal = 671EC3B9271D95F3008BCEEA /* Project object */;
			proxyType = 1;
			remoteGlobalIDString = 671EC3C0271D95F3008BCEEA;
			remoteInfo = exercioebac;
		};
/* End PBXContainerItemProxy section */

/* Begin PBXFileReference section */
		671EC3C1271D95F3008BCEEA /* exercioebac.app */ = {isa = PBXFileReference; explicitFileType = wrapper.application; includeInIndex = 0; path = exercioebac.app; sourceTree = BUILT_PRODUCTS_DIR; };
		671EC3C4271D95F3008BCEEA /* AppDelegate.swift */ = {isa = PBXFileReference; lastKnownFileType = sourcecode.swift; path = AppDelegate.swift; sourceTree = "<group>"; };
		671EC3C6271D95F3008BCEEA /* SceneDelegate.swift */ = {isa = PBXFileReference; lastKnownFileType = sourcecode.swift; path = SceneDelegate.swift; sourceTree = "<group>"; };
		671EC3C8271D95F3008BCEEA /* ViewController.swift */ = {isa = PBXFileReference; lastKnownFileType = sourcecode.swift; path = ViewController.swift; sourceTree = "<group>"; };
		671EC3CB271D95F3008BCEEA /* Base */ = {isa = PBXFileReference; lastKnownFileType = file.storyboard; name = Base; path = Base.lproj/Main.storyboard; sourceTree = "<group>"; };
		671EC3CD271D95F5008BCEEA /* Assets.xcassets */ = {isa = PBXFileReference; lastKnownFileType = folder.assetcatalog; path = Assets.xcassets; sourceTree = "<group>"; };
		671EC3D0271D95F5008BCEEA /* Base */ = {isa = PBXFileReference; lastKnownFileType = file.storyboard; name = Base; path = Base.lproj/LaunchScreen.storyboard; sourceTree = "<group>"; };
		671EC3D2271D95F5008BCEEA /* Info.plist */ = {isa = PBXFileReference; lastKnownFileType = text.plist.xml; path = Info.plist; sourceTree = "<group>"; };
		671EC3D7271D95F5008BCEEA /* exercioebacTests.xctest */ = {isa = PBXFileReference; explicitFileType = wrapper.cfbundle; includeInIndex = 0; path = exercioebacTests.xctest; sourceTree = BUILT_PRODUCTS_DIR; };
		671EC3DB271D95F5008BCEEA /* exercioebacTests.swift */ = {isa = PBXFileReference; lastKnownFileType = sourcecode.swift; path = exercioebacTests.swift; sourceTree = "<group>"; };
		671EC3DD271D95F5008BCEEA /* Info.plist */ = {isa = PBXFileReference; lastKnownFileType = text.plist.xml; path = Info.plist; sourceTree = "<group>"; };
		671EC3E2271D95F5008BCEEA /* exercioebacUITests.xctest */ = {isa = PBXFileReference; explicitFileType = wrapper.cfbundle; includeInIndex = 0; path = exercioebacUITests.xctest; sourceTree = BUILT_PRODUCTS_DIR; };
		671EC3E6271D95F5008BCEEA /* exercioebacUITests.swift */ = {isa = PBXFileReference; lastKnownFileType = sourcecode.swift; path = exercioebacUITests.swift; sourceTree = "<group>"; };
		671EC3E8271D95F5008BCEEA /* Info.plist */ = {isa = PBXFileReference; lastKnownFileType = text.plist.xml; path = Info.plist; sourceTree = "<group>"; };
/* End PBXFileReference section */

/* Begin PBXFrameworksBuildPhase section */
		671EC3BE271D95F3008BCEEA /* Frameworks */ = {
			isa = PBXFrameworksBuildPhase;
			buildActionMask = 2147483647;
			files = (
			);
			runOnlyForDeploymentPostprocessing = 0;
		};
		671EC3D4271D95F5008BCEEA /* Frameworks */ = {
			isa = PBXFrameworksBuildPhase;
			buildActionMask = 2147483647;
			files = (
			);
			runOnlyForDeploymentPostprocessing = 0;
		};
		671EC3DF271D95F5008BCEEA /* Frameworks */ = {
			isa = PBXFrameworksBuildPhase;
			buildActionMask = 2147483647;
			files = (
			);
			runOnlyForDeploymentPostprocessing = 0;
		};
/* End PBXFrameworksBuildPhase section */

/* Begin PBXGroup section */
		671EC3B8271D95F3008BCEEA = {
			isa = PBXGroup;
			children = (
				671EC3C3271D95F3008BCEEA /* exercioebac */,
				671EC3DA271D95F5008BCEEA /* exercioebacTests */,
				671EC3E5271D95F5008BCEEA /* exercioebacUITests */,
				671EC3C2271D95F3008BCEEA /* Products */,
			);
			sourceTree = "<group>";
		};
		671EC3C2271D95F3008BCEEA /* Products */ = {
			isa = PBXGroup;
			children = (
				671EC3C1271D95F3008BCEEA /* exercioebac.app */,
				671EC3D7271D95F5008BCEEA /* exercioebacTests.xctest */,
				671EC3E2271D95F5008BCEEA /* exercioebacUITests.xctest */,
			);
			name = Products;
			sourceTree = "<group>";
		};
		671EC3C3271D95F3008BCEEA /* exercioebac */ = {
			isa = PBXGroup;
			children = (
				671EC3C4271D95F3008BCEEA /* AppDelegate.swift */,
				671EC3C6271D95F3008BCEEA /* SceneDelegate.swift */,
				671EC3C8271D95F3008BCEEA /* ViewController.swift */,
				671EC3CA271D95F3008BCEEA /* Main.storyboard */,
				671EC3CD271D95F5008BCEEA /* Assets.xcassets */,
				671EC3CF271D95F5008BCEEA /* LaunchScreen.storyboard */,
				671EC3D2271D95F5008BCEEA /* Info.plist */,
			);
			path = exercioebac;
			sourceTree = "<group>";
		};
		671EC3DA271D95F5008BCEEA /* exercioebacTests */ = {
			isa = PBXGroup;
			children = (
				671EC3DB271D95F5008BCEEA /* exercioebacTests.swift */,
				671EC3DD271D95F5008BCEEA /* Info.plist */,
			);
			path = exercioebacTests;
			sourceTree = "<group>";
		};
		671EC3E5271D95F5008BCEEA /* exercioebacUITests */ = {
			isa = PBXGroup;
			children = (
				671EC3E6271D95F5008BCEEA /* exercioebacUITests.swift */,
				671EC3E8271D95F5008BCEEA /* Info.plist */,
			);
			path = exercioebacUITests;
			sourceTree = "<group>";
		};
/* End PBXGroup section */

/* Begin PBXNativeTarget section */
		671EC3C0271D95F3008BCEEA /* exercioebac */ = {
			isa = PBXNativeTarget;
			buildConfigurationList = 671EC3EB271D95F5008BCEEA /* Build configuration list for PBXNativeTarget "exercioebac" */;
			buildPhases = (
				671EC3BD271D95F3008BCEEA /* Sources */,
				671EC3BE271D95F3008BCEEA /* Frameworks */,
				671EC3BF271D95F3008BCEEA /* Resources */,
			);
			buildRules = (
			);
			dependencies = (
			);
			name = exercioebac;
			productName = exercioebac;
			productReference = 671EC3C1271D95F3008BCEEA /* exercioebac.app */;
			productType = "com.apple.product-type.application";
		};
		671EC3D6271D95F5008BCEEA /* exercioebacTests */ = {
			isa = PBXNativeTarget;
			buildConfigurationList = 671EC3EE271D95F5008BCEEA /* Build configuration list for PBXNativeTarget "exercioebacTests" */;
			buildPhases = (
				671EC3D3271D95F5008BCEEA /* Sources */,
				671EC3D4271D95F5008BCEEA /* Frameworks */,
				671EC3D5271D95F5008BCEEA /* Resources */,
			);
			buildRules = (
			);
			dependencies = (
				671EC3D9271D95F5008BCEEA /* PBXTargetDependency */,
			);
			name = exercioebacTests;
			productName = exercioebacTests;
			productReference = 671EC3D7271D95F5008BCEEA /* exercioebacTests.xctest */;
			productType = "com.apple.product-type.bundle.unit-test";
		};
		671EC3E1271D95F5008BCEEA /* exercioebacUITests */ = {
			isa = PBXNativeTarget;
			buildConfigurationList = 671EC3F1271D95F5008BCEEA /* Build configuration list for PBXNativeTarget "exercioebacUITests" */;
			buildPhases = (
				671EC3DE271D95F5008BCEEA /* Sources */,
				671EC3DF271D95F5008BCEEA /* Frameworks */,
				671EC3E0271D95F5008BCEEA /* Resources */,
			);
			buildRules = (
			);
			dependencies = (
				671EC3E4271D95F5008BCEEA /* PBXTargetDependency */,
			);
			name = exercioebacUITests;
			productName = exercioebacUITests;
			productReference = 671EC3E2271D95F5008BCEEA /* exercioebacUITests.xctest */;
			productType = "com.apple.product-type.bundle.ui-testing";
		};
/* End PBXNativeTarget section */

/* Begin PBXProject section */
		671EC3B9271D95F3008BCEEA /* Project object */ = {
			isa = PBXProject;
			attributes = {
				LastSwiftUpdateCheck = 1250;
				LastUpgradeCheck = 1250;
				TargetAttributes = {
					671EC3C0271D95F3008BCEEA = {
						CreatedOnToolsVersion = 12.5.1;
					};
					671EC3D6271D95F5008BCEEA = {
						CreatedOnToolsVersion = 12.5.1;
						TestTargetID = 671EC3C0271D95F3008BCEEA;
					};
					671EC3E1271D95F5008BCEEA = {
						CreatedOnToolsVersion = 12.5.1;
						TestTargetID = 671EC3C0271D95F3008BCEEA;
					};
				};
			};
			buildConfigurationList = 671EC3BC271D95F3008BCEEA /* Build configuration list for PBXProject "exercioebac" */;
			compatibilityVersion = "Xcode 9.3";
			developmentRegion = en;
			hasScannedForEncodings = 0;
			knownRegions = (
				en,
				Base,
			);
			mainGroup = 671EC3B8271D95F3008BCEEA;
			productRefGroup = 671EC3C2271D95F3008BCEEA /* Products */;
			projectDirPath = "";
			projectRoot = "";
			targets = (
				671EC3C0271D95F3008BCEEA /* exercioebac */,
				671EC3D6271D95F5008BCEEA /* exercioebacTests */,
				671EC3E1271D95F5008BCEEA /* exercioebacUITests */,
			);
		};
/* End PBXProject section */

/* Begin PBXResourcesBuildPhase section */
		671EC3BF271D95F3008BCEEA /* Resources */ = {
			isa = PBXResourcesBuildPhase;
			buildActionMask = 2147483647;
			files = (
				671EC3D1271D95F5008BCEEA /* LaunchScreen.storyboard in Resources */,
				671EC3CE271D95F5008BCEEA /* Assets.xcassets in Resources */,
				671EC3CC271D95F3008BCEEA /* Main.storyboard in Resources */,
			);
			runOnlyForDeploymentPostprocessing = 0;
		};
		671EC3D5271D95F5008BCEEA /* Resources */ = {
			isa = PBXResourcesBuildPhase;
			buildActionMask = 2147483647;
			files = (
			);
			runOnlyForDeploymentPostprocessing = 0;
		};
		671EC3E0271D95F5008BCEEA /* Resources */ = {
			isa = PBXResourcesBuildPhase;
			buildActionMask = 2147483647;
			files = (
			);
			runOnlyForDeploymentPostprocessing = 0;
		};
/* End PBXResourcesBuildPhase section */

/* Begin PBXSourcesBuildPhase section */
		671EC3BD271D95F3008BCEEA /* Sources */ = {
			isa = PBXSourcesBuildPhase;
			buildActionMask = 2147483647;
			files = (
				671EC3C9271D95F3008BCEEA /* ViewController.swift in Sources */,
				671EC3C5271D95F3008BCEEA /* AppDelegate.swift in Sources */,
				671EC3C7271D95F3008BCEEA /* SceneDelegate.swift in Sources */,
			);
			runOnlyForDeploymentPostprocessing = 0;
		};
		671EC3D3271D95F5008BCEEA /* Sources */ = {
			isa = PBXSourcesBuildPhase;
			buildActionMask = 2147483647;
			files = (
				671EC3DC271D95F5008BCEEA /* exercioebacTests.swift in Sources */,
			);
			runOnlyForDeploymentPostprocessing = 0;
		};
		671EC3DE271D95F5008BCEEA /* Sources */ = {
			isa = PBXSourcesBuildPhase;
			buildActionMask = 2147483647;
			files = (
				671EC3E7271D95F5008BCEEA /* exercioebacUITests.swift in Sources */,
			);
			runOnlyForDeploymentPostprocessing = 0;
		};
/* End PBXSourcesBuildPhase section */

/* Begin PBXTargetDependency section */
		671EC3D9271D95F5008BCEEA /* PBXTargetDependency */ = {
			isa = PBXTargetDependency;
			target = 671EC3C0271D95F3008BCEEA /* exercioebac */;
			targetProxy = 671EC3D8271D95F5008BCEEA /* PBXContainerItemProxy */;
		};
		671EC3E4271D95F5008BCEEA /* PBXTargetDependency */ = {
			isa = PBXTargetDependency;
			target = 671EC3C0271D95F3008BCEEA /* exercioebac */;
			targetProxy = 671EC3E3271D95F5008BCEEA /* PBXContainerItemProxy */;
		};
/* End PBXTargetDependency section */

/* Begin PBXVariantGroup section */
		671EC3CA271D95F3008BCEEA /* Main.storyboard */ = {
			isa = PBXVariantGroup;
			children = (
				671EC3CB271D95F3008BCEEA /* Base */,
			);
			name = Main.storyboard;
			sourceTree = "<group>";
		};
		671EC3CF271D95F5008BCEEA /* LaunchScreen.storyboard */ = {
			isa = PBXVariantGroup;
			children = (
				671EC3D0271D95F5008BCEEA /* Base */,
			);
			name = LaunchScreen.storyboard;
			sourceTree = "<group>";
		};
/* End PBXVariantGroup section */

/* Begin XCBuildConfiguration section */
		671EC3E9271D95F5008BCEEA /* Debug */ = {
			isa = XCBuildConfiguration;
			buildSettings = {
				ALWAYS_SEARCH_USER_PATHS = NO;
				CLANG_ANALYZER_NONNULL = YES;
				CLANG_ANALYZER_NUMBER_OBJECT_CONVERSION = YES_AGGRESSIVE;
				CLANG_CXX_LANGUAGE_STANDARD = "gnu++14";
				CLANG_CXX_LIBRARY = "libc++";
				CLANG_ENABLE_MODULES = YES;
				CLANG_ENABLE_OBJC_ARC = YES;
				CLANG_ENABLE_OBJC_WEAK = YES;
				CLANG_WARN_BLOCK_CAPTURE_AUTORELEASING = YES;
				CLANG_WARN_BOOL_CONVERSION = YES;
				CLANG_WARN_COMMA = YES;
				CLANG_WARN_CONSTANT_CONVERSION = YES;
				CLANG_WARN_DEPRECATED_OBJC_IMPLEMENTATIONS = YES;
				CLANG_WARN_DIRECT_OBJC_ISA_USAGE = YES_ERROR;
				CLANG_WARN_DOCUMENTATION_COMMENTS = YES;
				CLANG_WARN_EMPTY_BODY = YES;
				CLANG_WARN_ENUM_CONVERSION = YES;
				CLANG_WARN_INFINITE_RECURSION = YES;
				CLANG_WARN_INT_CONVERSION = YES;
				CLANG_WARN_NON_LITERAL_NULL_CONVERSION = YES;
				CLANG_WARN_OBJC_IMPLICIT_RETAIN_SELF = YES;
				CLANG_WARN_OBJC_LITERAL_CONVERSION = YES;
				CLANG_WARN_OBJC_ROOT_CLASS = YES_ERROR;
				CLANG_WARN_QUOTED_INCLUDE_IN_FRAMEWORK_HEADER = YES;
				CLANG_WARN_RANGE_LOOP_ANALYSIS = YES;
				CLANG_WARN_STRICT_PROTOTYPES = YES;
				CLANG_WARN_SUSPICIOUS_MOVE = YES;
				CLANG_WARN_UNGUARDED_AVAILABILITY = YES_AGGRESSIVE;
				CLANG_WARN_UNREACHABLE_CODE = YES;
				CLANG_WARN__DUPLICATE_METHOD_MATCH = YES;
				COPY_PHASE_STRIP = NO;
				DEBUG_INFORMATION_FORMAT = dwarf;
				ENABLE_STRICT_OBJC_MSGSEND = YES;
				ENABLE_TESTABILITY = YES;
				GCC_C_LANGUAGE_STANDARD = gnu11;
				GCC_DYNAMIC_NO_PIC = NO;
				GCC_NO_COMMON_BLOCKS = YES;
				GCC_OPTIMIZATION_LEVEL = 0;
				GCC_PREPROCESSOR_DEFINITIONS = (
					"DEBUG=1",
					"$(inherited)",
				);
				GCC_WARN_64_TO_32_BIT_CONVERSION = YES;
				GCC_WARN_ABOUT_RETURN_TYPE = YES_ERROR;
				GCC_WARN_UNDECLARED_SELECTOR = YES;
				GCC_WARN_UNINITIALIZED_AUTOS = YES_AGGRESSIVE;
				GCC_WARN_UNUSED_FUNCTION = YES;
				GCC_WARN_UNUSED_VARIABLE = YES;
				IPHONEOS_DEPLOYMENT_TARGET = 14.5;
				MTL_ENABLE_DEBUG_INFO = INCLUDE_SOURCE;
				MTL_FAST_MATH = YES;
				ONLY_ACTIVE_ARCH = YES;
				SDKROOT = iphoneos;
				SWIFT_ACTIVE_COMPILATION_CONDITIONS = DEBUG;
				SWIFT_OPTIMIZATION_LEVEL = "-Onone";
			};
			name = Debug;
		};
		671EC3EA271D95F5008BCEEA /* Release */ = {
			isa = XCBuildConfiguration;
			buildSettings = {
				ALWAYS_SEARCH_USER_PATHS = NO;
				CLANG_ANALYZER_NONNULL = YES;
				CLANG_ANALYZER_NUMBER_OBJECT_CONVERSION = YES_AGGRESSIVE;
				CLANG_CXX_LANGUAGE_STANDARD = "gnu++14";
				CLANG_CXX_LIBRARY = "libc++";
				CLANG_ENABLE_MODULES = YES;
				CLANG_ENABLE_OBJC_ARC = YES;
				CLANG_ENABLE_OBJC_WEAK = YES;
				CLANG_WARN_BLOCK_CAPTURE_AUTORELEASING = YES;
				CLANG_WARN_BOOL_CONVERSION = YES;
				CLANG_WARN_COMMA = YES;
				CLANG_WARN_CONSTANT_CONVERSION = YES;
				CLANG_WARN_DEPRECATED_OBJC_IMPLEMENTATIONS = YES;
				CLANG_WARN_DIRECT_OBJC_ISA_USAGE = YES_ERROR;
				CLANG_WARN_DOCUMENTATION_COMMENTS = YES;
				CLANG_WARN_EMPTY_BODY = YES;
				CLANG_WARN_ENUM_CONVERSION = YES;
				CLANG_WARN_INFINITE_RECURSION = YES;
				CLANG_WARN_INT_CONVERSION = YES;
				CLANG_WARN_NON_LITERAL_NULL_CONVERSION = YES;
				CLANG_WARN_OBJC_IMPLICIT_RETAIN_SELF = YES;
				CLANG_WARN_OBJC_LITERAL_CONVERSION = YES;
				CLANG_WARN_OBJC_ROOT_CLASS = YES_ERROR;
				CLANG_WARN_QUOTED_INCLUDE_IN_FRAMEWORK_HEADER = YES;
				CLANG_WARN_RANGE_LOOP_ANALYSIS = YES;
				CLANG_WARN_STRICT_PROTOTYPES = YES;
				CLANG_WARN_SUSPICIOUS_MOVE = YES;
				CLANG_WARN_UNGUARDED_AVAILABILITY = YES_AGGRESSIVE;
				CLANG_WARN_UNREACHABLE_CODE = YES;
				CLANG_WARN__DUPLICATE_METHOD_MATCH = YES;
				COPY_PHASE_STRIP = NO;
				DEBUG_INFORMATION_FORMAT = "dwarf-with-dsym";
				ENABLE_NS_ASSERTIONS = NO;
				ENABLE_STRICT_OBJC_MSGSEND = YES;
				GCC_C_LANGUAGE_STANDARD = gnu11;
				GCC_NO_COMMON_BLOCKS = YES;
				GCC_WARN_64_TO_32_BIT_CONVERSION = YES;
				GCC_WARN_ABOUT_RETURN_TYPE = YES_ERROR;
				GCC_WARN_UNDECLARED_SELECTOR = YES;
				GCC_WARN_UNINITIALIZED_AUTOS = YES_AGGRESSIVE;
				GCC_WARN_UNUSED_FUNCTION = YES;
				GCC_WARN_UNUSED_VARIABLE = YES;
				IPHONEOS_DEPLOYMENT_TARGET = 14.5;
				MTL_ENABLE_DEBUG_INFO = NO;
				MTL_FAST_MATH = YES;
				SDKROOT = iphoneos;
				SWIFT_COMPILATION_MODE = wholemodule;
				SWIFT_OPTIMIZATION_LEVEL = "-O";
				VALIDATE_PRODUCT = YES;
			};
			name = Release;
		};
		671EC3EC271D95F5008BCEEA /* Debug */ = {
			isa = XCBuildConfiguration;
			buildSettings = {
				ASSETCATALOG_COMPILER_APPICON_NAME = AppIcon;
				ASSETCATALOG_COMPILER_GLOBAL_ACCENT_COLOR_NAME = AccentColor;
				CODE_SIGN_STYLE = Automatic;
				INFOPLIST_FILE = exercioebac/Info.plist;
				IPHONEOS_DEPLOYMENT_TARGET = 13.0;
				LD_RUNPATH_SEARCH_PATHS = (
					"$(inherited)",
					"@executable_path/Frameworks",
				);
				PRODUCT_BUNDLE_IDENTIFIER = rvv.com.br.exercioebac;
				PRODUCT_NAME = "$(TARGET_NAME)";
				SWIFT_VERSION = 5.0;
				TARGETED_DEVICE_FAMILY = 1;
			};
			name = Debug;
		};
		671EC3ED271D95F5008BCEEA /* Release */ = {
			isa = XCBuildConfiguration;
			buildSettings = {
				ASSETCATALOG_COMPILER_APPICON_NAME = AppIcon;
				ASSETCATALOG_COMPILER_GLOBAL_ACCENT_COLOR_NAME = AccentColor;
				CODE_SIGN_STYLE = Automatic;
				INFOPLIST_FILE = exercioebac/Info.plist;
				IPHONEOS_DEPLOYMENT_TARGET = 13.0;
				LD_RUNPATH_SEARCH_PATHS = (
					"$(inherited)",
					"@executable_path/Frameworks",
				);
				PRODUCT_BUNDLE_IDENTIFIER = rvv.com.br.exercioebac;
				PRODUCT_NAME = "$(TARGET_NAME)";
				SWIFT_VERSION = 5.0;
				TARGETED_DEVICE_FAMILY = 1;
			};
			name = Release;
		};
		671EC3EF271D95F5008BCEEA /* Debug */ = {
			isa = XCBuildConfiguration;
			buildSettings = {
				ALWAYS_EMBED_SWIFT_STANDARD_LIBRARIES = YES;
				BUNDLE_LOADER = "$(TEST_HOST)";
				CODE_SIGN_STYLE = Automatic;
				INFOPLIST_FILE = exercioebacTests/Info.plist;
				IPHONEOS_DEPLOYMENT_TARGET = 14.5;
				LD_RUNPATH_SEARCH_PATHS = (
					"$(inherited)",
					"@executable_path/Frameworks",
					"@loader_path/Frameworks",
				);
				PRODUCT_BUNDLE_IDENTIFIER = rvv.com.br.exercioebacTests;
				PRODUCT_NAME = "$(TARGET_NAME)";
				SWIFT_VERSION = 5.0;
				TARGETED_DEVICE_FAMILY = "1,2";
				TEST_HOST = "$(BUILT_PRODUCTS_DIR)/exercioebac.app/exercioebac";
			};
			name = Debug;
		};
		671EC3F0271D95F5008BCEEA /* Release */ = {
			isa = XCBuildConfiguration;
			buildSettings = {
				ALWAYS_EMBED_SWIFT_STANDARD_LIBRARIES = YES;
				BUNDLE_LOADER = "$(TEST_HOST)";
				CODE_SIGN_STYLE = Automatic;
				INFOPLIST_FILE = exercioebacTests/Info.plist;
				IPHONEOS_DEPLOYMENT_TARGET = 14.5;
				LD_RUNPATH_SEARCH_PATHS = (
					"$(inherited)",
					"@executable_path/Frameworks",
					"@loader_path/Frameworks",
				);
				PRODUCT_BUNDLE_IDENTIFIER = rvv.com.br.exercioebacTests;
				PRODUCT_NAME = "$(TARGET_NAME)";
				SWIFT_VERSION = 5.0;
				TARGETED_DEVICE_FAMILY = "1,2";
				TEST_HOST = "$(BUILT_PRODUCTS_DIR)/exercioebac.app/exercioebac";
			};
			name = Release;
		};
		671EC3F2271D95F5008BCEEA /* Debug */ = {
			isa = XCBuildConfiguration;
			buildSettings = {
				ALWAYS_EMBED_SWIFT_STANDARD_LIBRARIES = YES;
				CODE_SIGN_STYLE = Automatic;
				INFOPLIST_FILE = exercioebacUITests/Info.plist;
				LD_RUNPATH_SEARCH_PATHS = (
					"$(inherited)",
					"@executable_path/Frameworks",
					"@loader_path/Frameworks",
				);
				PRODUCT_BUNDLE_IDENTIFIER = rvv.com.br.exercioebacUITests;
				PRODUCT_NAME = "$(TARGET_NAME)";
				SWIFT_VERSION = 5.0;
				TARGETED_DEVICE_FAMILY = "1,2";
				TEST_TARGET_NAME = exercioebac;
			};
			name = Debug;
		};
		671EC3F3271D95F5008BCEEA /* Release */ = {
			isa = XCBuildConfiguration;
			buildSettings = {
				ALWAYS_EMBED_SWIFT_STANDARD_LIBRARIES = YES;
				CODE_SIGN_STYLE = Automatic;
				INFOPLIST_FILE = exercioebacUITests/Info.plist;
				LD_RUNPATH_SEARCH_PATHS = (
					"$(inherited)",
					"@executable_path/Frameworks",
					"@loader_path/Frameworks",
				);
				PRODUCT_BUNDLE_IDENTIFIER = rvv.com.br.exercioebacUITests;
				PRODUCT_NAME = "$(TARGET_NAME)";
				SWIFT_VERSION = 5.0;
				TARGETED_DEVICE_FAMILY = "1,2";
				TEST_TARGET_NAME = exercioebac;
			};
			name = Release;
		};
/* End XCBuildConfiguration section */

/* Begin XCConfigurationList section */
		671EC3BC271D95F3008BCEEA /* Build configuration list for PBXProject "exercioebac" */ = {
			isa = XCConfigurationList;
			buildConfigurations = (
				671EC3E9271D95F5008BCEEA /* Debug */,
				671EC3EA271D95F5008BCEEA /* Release */,
			);
			defaultConfigurationIsVisible = 0;
			defaultConfigurationName = Release;
		};
		671EC3EB271D95F5008BCEEA /* Build configuration list for PBXNativeTarget "exercioebac" */ = {
			isa = XCConfigurationList;
			buildConfigurations = (
				671EC3EC271D95F5008BCEEA /* Debug */,
				671EC3ED271D95F5008BCEEA /* Release */,
			);
			defaultConfigurationIsVisible = 0;
			defaultConfigurationName = Release;
		};
		671EC3EE271D95F5008BCEEA /* Build configuration list for PBXNativeTarget "exercioebacTests" */ = {
			isa = XCConfigurationList;
			buildConfigurations = (
				671EC3EF271D95F5008BCEEA /* Debug */,
				671EC3F0271D95F5008BCEEA /* Release */,
			);
			defaultConfigurationIsVisible = 0;
			defaultConfigurationName = Release;
		};
		671EC3F1271D95F5008BCEEA /* Build configuration list for PBXNativeTarget "exercioebacUITests" */ = {
			isa = XCConfigurationList;
			buildConfigurations = (
				671EC3F2271D95F5008BCEEA /* Debug */,
				671EC3F3271D95F5008BCEEA /* Release */,
			);
			defaultConfigurationIsVisible = 0;
			defaultConfigurationName = Release;
		};
/* End XCConfigurationList section */
	};
	rootObject = 671EC3B9271D95F3008BCEEA /* Project object */;
}
